
Microsoft Visual Studio Solution File, Format Version 12.00
# Visual Studio 15
VisualStudioVersion = 15.0.27004.2002
MinimumVisualStudioVersion = 10.0.40219.1
Project("{2150E333-8FDC-42A3-9474-1A3956D46DE8}") = "1-Layers", "1-Layers", "{95501A1D-3360-4612-A32E-1D0D757B079E}"
	ProjectSection(SolutionItems) = preProject
		Readme.txt = Readme.txt
	EndProjectSection
EndProject
Project("{2150E333-8FDC-42A3-9474-1A3956D46DE8}") = "1.1-Presentation", "1.1-Presentation", "{B97F79DB-D83B-4A27-ADF3-A55EDA299132}"
	ProjectSection(SolutionItems) = preProject
		Presentation.txt = Presentation.txt
	EndProjectSection
EndProject
Project("{2150E333-8FDC-42A3-9474-1A3956D46DE8}") = "1.2-Services", "1.2-Services", "{B3DBA8EF-79E3-4020-8F6A-538F26756C98}"
	ProjectSection(SolutionItems) = preProject
		Distributed Services.txt = Distributed Services.txt
	EndProjectSection
EndProject
Project("{2150E333-8FDC-42A3-9474-1A3956D46DE8}") = "1.3-Application", "1.3-Application", "{909F9798-DD03-4606-B59D-0F1350F9C815}"
	ProjectSection(SolutionItems) = preProject
		Application.txt = Application.txt
	EndProjectSection
EndProject
Project("{2150E333-8FDC-42A3-9474-1A3956D46DE8}") = "1.4-Domain", "1.4-Domain", "{AF8D9A0B-4D1E-4992-9AFA-93A7C8BD347A}"
	ProjectSection(SolutionItems) = preProject
		Domain.txt = Domain.txt
	EndProjectSection
EndProject
Project("{2150E333-8FDC-42A3-9474-1A3956D46DE8}") = "1.5-Infrastructure", "1.5-Infrastructure", "{85516F25-AAE2-4581-AB23-CEE66B7C4FE3}"
	ProjectSection(SolutionItems) = preProject
		Infrastructure.txt = Infrastructure.txt
	EndProjectSection
EndProject
Project("{2150E333-8FDC-42A3-9474-1A3956D46DE8}") = "1.5.1-Data", "1.5.1-Data", "{BB095221-6A30-4842-93E8-B7786BEA083F}"
EndProject
Project("{2150E333-8FDC-42A3-9474-1A3956D46DE8}") = "1.5.2-CrossCutting", "1.5.2-CrossCutting", "{52711E8B-1E70-4085-8995-CF471DCD9AFE}"
EndProject
Project("{2150E333-8FDC-42A3-9474-1A3956D46DE8}") = "1.4.1-Domain.Core", "1.4.1-Domain.Core", "{CFE7A2C4-0110-413F-B2BB-3D38260FF9E3}"
EndProject
Project("{2150E333-8FDC-42A3-9474-1A3956D46DE8}") = "1.4.2-Domain.Main", "1.4.2-Domain.Main", "{104F8963-3D5A-4EF5-9BF3-0D48345F6C22}"
EndProject
Project("{2150E333-8FDC-42A3-9474-1A3956D46DE8}") = "1.3.2-Application.Main", "1.3.2-Application.Main", "{85B06DA8-BF42-457F-AABA-468AC1DB1163}"
EndProject
Project("{2150E333-8FDC-42A3-9474-1A3956D46DE8}") = "1.3.1-Application.Core", "1.3.1-Application.Core", "{7DD4CA0E-806C-4C08-8B7D-D0172936B60F}"
EndProject
Project("{2150E333-8FDC-42A3-9474-1A3956D46DE8}") = "1.5.1.1-Data.Core", "1.5.1.1-Data.Core", "{F020CD65-F576-4346-93E3-FE94B7E6F685}"
EndProject
Project("{2150E333-8FDC-42A3-9474-1A3956D46DE8}") = "1.5.1.2-Data.Main", "1.5.1.2-Data.Main", "{3096DA74-4A67-437B-A1AC-5FC7D385D40E}"
EndProject
Project("{2150E333-8FDC-42A3-9474-1A3956D46DE8}") = "1.2.1-Services.Core", "1.2.1-Services.Core", "{92A47850-EF4C-4D6A-8967-A9FC64B8CD15}"
EndProject
Project("{2150E333-8FDC-42A3-9474-1A3956D46DE8}") = "1.2.2-Services.Main", "1.2.2-Services.Main", "{896389E4-2781-4CEA-AE2F-95990834E610}"
EndProject
Project("{FAE04EC0-301F-11D3-BF4B-00C04F79EFBC}") = "Infrastructure.Crosscutting", "Infrastructure.Crosscutting\Infrastructure.Crosscutting.csproj", "{106C7F00-C03F-4E29-87AF-ACD1BA292078}"
EndProject
Project("{FAE04EC0-301F-11D3-BF4B-00C04F79EFBC}") = "Infrastructure.Crosscutting.NetFramework", "Infrastructure.Crosscutting.NetFramework\Infrastructure.Crosscutting.NetFramework.csproj", "{81CAB7AA-5235-42DB-82E6-2B4A0A1F9987}"
EndProject
Project("{FAE04EC0-301F-11D3-BF4B-00C04F79EFBC}") = "Domain.Core", "Domain.Core\Domain.Core.csproj", "{04D675A3-B794-44BD-A25C-673BB44739CB}"
EndProject
Project("{FAE04EC0-301F-11D3-BF4B-00C04F79EFBC}") = "Infrastructure.Data.Core", "Infrastructure.Data.Core\Infrastructure.Data.Core.csproj", "{09AAF2C8-47DC-4F12-A3A0-130DCDB1495B}"
EndProject
Project("{FAE04EC0-301F-11D3-BF4B-00C04F79EFBC}") = "Application.Core", "Application.Core\Application.Core.csproj", "{7F17BC81-B7D1-46D8-A94B-FDBAE17F94B7}"
EndProject
Project("{FAE04EC0-301F-11D3-BF4B-00C04F79EFBC}") = "Infrastructure.Data.Main", "Infrastructure.Data.Main\Infrastructure.Data.Main.csproj", "{35E13CFB-E992-475D-8E53-EA09A539AB43}"
EndProject
Project("{FAE04EC0-301F-11D3-BF4B-00C04F79EFBC}") = "Application.Main", "Application.Main\Application.Main.csproj", "{75E4283A-61D1-4067-9F51-25EFB55113A6}"
EndProject
Project("{FAE04EC0-301F-11D3-BF4B-00C04F79EFBC}") = "Domain.Main", "Domain.Main\Domain.Main.csproj", "{F7F15F85-A171-4EDC-B507-03A8D80915A8}"
EndProject
Project("{FAE04EC0-301F-11D3-BF4B-00C04F79EFBC}") = "Services.Core", "Services.Core\Services.Core.csproj", "{32241C1D-E0D2-41D0-907A-0631943B360C}"
EndProject
Project("{FAE04EC0-301F-11D3-BF4B-00C04F79EFBC}") = "Application.Main.DTO", "Application.Main.DTO\Application.Main.DTO.csproj", "{62FB7287-FE06-4E8B-AB66-25603D9E2610}"
EndProject
Project("{2150E333-8FDC-42A3-9474-1A3956D46DE8}") = "1.1.1-Web", "1.1.1-Web", "{F224A76A-5C5A-4027-8D81-94A9C728269C}"
EndProject
Project("{FAE04EC0-301F-11D3-BF4B-00C04F79EFBC}") = "WebAppMVC", "WebAppMVC\WebAppMVC.csproj", "{36243124-F0AB-44E0-8CD4-9C7CAA9C0F73}"
EndProject
Project("{FAE04EC0-301F-11D3-BF4B-00C04F79EFBC}") = "Services.Main", "Services.Main\Services.Main.csproj", "{7199A95A-D458-447A-84D4-A5B161ADFE57}"
EndProject
Project("{2150E333-8FDC-42A3-9474-1A3956D46DE8}") = "1.5.2.1-CrossCutting.Core", "1.5.2.1-CrossCutting.Core", "{0CB2D8DF-8BDE-42CD-B5EB-BA4971294D8D}"
EndProject
Global
	GlobalSection(SolutionConfigurationPlatforms) = preSolution
		Debug|Any CPU = Debug|Any CPU
		Release|Any CPU = Release|Any CPU
	EndGlobalSection
	GlobalSection(ProjectConfigurationPlatforms) = postSolution
		{106C7F00-C03F-4E29-87AF-ACD1BA292078}.Debug|Any CPU.ActiveCfg = Debug|Any CPU
		{106C7F00-C03F-4E29-87AF-ACD1BA292078}.Debug|Any CPU.Build.0 = Debug|Any CPU
		{106C7F00-C03F-4E29-87AF-ACD1BA292078}.Release|Any CPU.ActiveCfg = Release|Any CPU
		{106C7F00-C03F-4E29-87AF-ACD1BA292078}.Release|Any CPU.Build.0 = Release|Any CPU
		{81CAB7AA-5235-42DB-82E6-2B4A0A1F9987}.Debug|Any CPU.ActiveCfg = Debug|Any CPU
		{81CAB7AA-5235-42DB-82E6-2B4A0A1F9987}.Debug|Any CPU.Build.0 = Debug|Any CPU
		{81CAB7AA-5235-42DB-82E6-2B4A0A1F9987}.Release|Any CPU.ActiveCfg = Release|Any CPU
		{81CAB7AA-5235-42DB-82E6-2B4A0A1F9987}.Release|Any CPU.Build.0 = Release|Any CPU
		{04D675A3-B794-44BD-A25C-673BB44739CB}.Debug|Any CPU.ActiveCfg = Debug|Any CPU
		{04D675A3-B794-44BD-A25C-673BB44739CB}.Debug|Any CPU.Build.0 = Debug|Any CPU
		{04D675A3-B794-44BD-A25C-673BB44739CB}.Release|Any CPU.ActiveCfg = Release|Any CPU
		{04D675A3-B794-44BD-A25C-673BB44739CB}.Release|Any CPU.Build.0 = Release|Any CPU
		{09AAF2C8-47DC-4F12-A3A0-130DCDB1495B}.Debug|Any CPU.ActiveCfg = Debug|Any CPU
		{09AAF2C8-47DC-4F12-A3A0-130DCDB1495B}.Debug|Any CPU.Build.0 = Debug|Any CPU
		{09AAF2C8-47DC-4F12-A3A0-130DCDB1495B}.Release|Any CPU.ActiveCfg = Release|Any CPU
		{09AAF2C8-47DC-4F12-A3A0-130DCDB1495B}.Release|Any CPU.Build.0 = Release|Any CPU
		{7F17BC81-B7D1-46D8-A94B-FDBAE17F94B7}.Debug|Any CPU.ActiveCfg = Debug|Any CPU
		{7F17BC81-B7D1-46D8-A94B-FDBAE17F94B7}.Debug|Any CPU.Build.0 = Debug|Any CPU
		{7F17BC81-B7D1-46D8-A94B-FDBAE17F94B7}.Release|Any CPU.ActiveCfg = Release|Any CPU
		{7F17BC81-B7D1-46D8-A94B-FDBAE17F94B7}.Release|Any CPU.Build.0 = Release|Any CPU
		{35E13CFB-E992-475D-8E53-EA09A539AB43}.Debug|Any CPU.ActiveCfg = Debug|Any CPU
		{35E13CFB-E992-475D-8E53-EA09A539AB43}.Debug|Any CPU.Build.0 = Debug|Any CPU
		{35E13CFB-E992-475D-8E53-EA09A539AB43}.Release|Any CPU.ActiveCfg = Release|Any CPU
		{35E13CFB-E992-475D-8E53-EA09A539AB43}.Release|Any CPU.Build.0 = Release|Any CPU
		{75E4283A-61D1-4067-9F51-25EFB55113A6}.Debug|Any CPU.ActiveCfg = Debug|Any CPU
		{75E4283A-61D1-4067-9F51-25EFB55113A6}.Debug|Any CPU.Build.0 = Debug|Any CPU
		{75E4283A-61D1-4067-9F51-25EFB55113A6}.Release|Any CPU.ActiveCfg = Release|Any CPU
		{75E4283A-61D1-4067-9F51-25EFB55113A6}.Release|Any CPU.Build.0 = Release|Any CPU
		{F7F15F85-A171-4EDC-B507-03A8D80915A8}.Debug|Any CPU.ActiveCfg = Debug|Any CPU
		{F7F15F85-A171-4EDC-B507-03A8D80915A8}.Debug|Any CPU.Build.0 = Debug|Any CPU
		{F7F15F85-A171-4EDC-B507-03A8D80915A8}.Release|Any CPU.ActiveCfg = Release|Any CPU
		{F7F15F85-A171-4EDC-B507-03A8D80915A8}.Release|Any CPU.Build.0 = Release|Any CPU
		{32241C1D-E0D2-41D0-907A-0631943B360C}.Debug|Any CPU.ActiveCfg = Debug|Any CPU
		{32241C1D-E0D2-41D0-907A-0631943B360C}.Debug|Any CPU.Build.0 = Debug|Any CPU
		{32241C1D-E0D2-41D0-907A-0631943B360C}.Release|Any CPU.ActiveCfg = Release|Any CPU
		{32241C1D-E0D2-41D0-907A-0631943B360C}.Release|Any CPU.Build.0 = Release|Any CPU
		{62FB7287-FE06-4E8B-AB66-25603D9E2610}.Debug|Any CPU.ActiveCfg = Debug|Any CPU
		{62FB7287-FE06-4E8B-AB66-25603D9E2610}.Debug|Any CPU.Build.0 = Debug|Any CPU
		{62FB7287-FE06-4E8B-AB66-25603D9E2610}.Release|Any CPU.ActiveCfg = Release|Any CPU
		{62FB7287-FE06-4E8B-AB66-25603D9E2610}.Release|Any CPU.Build.0 = Release|Any CPU
		{36243124-F0AB-44E0-8CD4-9C7CAA9C0F73}.Debug|Any CPU.ActiveCfg = Debug|Any CPU
		{36243124-F0AB-44E0-8CD4-9C7CAA9C0F73}.Debug|Any CPU.Build.0 = Debug|Any CPU
		{36243124-F0AB-44E0-8CD4-9C7CAA9C0F73}.Release|Any CPU.ActiveCfg = Release|Any CPU
		{36243124-F0AB-44E0-8CD4-9C7CAA9C0F73}.Release|Any CPU.Build.0 = Release|Any CPU
		{7199A95A-D458-447A-84D4-A5B161ADFE57}.Debug|Any CPU.ActiveCfg = Debug|Any CPU
		{7199A95A-D458-447A-84D4-A5B161ADFE57}.Debug|Any CPU.Build.0 = Debug|Any CPU
		{7199A95A-D458-447A-84D4-A5B161ADFE57}.Release|Any CPU.ActiveCfg = Release|Any CPU
		{7199A95A-D458-447A-84D4-A5B161ADFE57}.Release|Any CPU.Build.0 = Release|Any CPU
	EndGlobalSection
	GlobalSection(SolutionProperties) = preSolution
		HideSolutionNode = FALSE
	EndGlobalSection
	GlobalSection(NestedProjects) = preSolution
		{B97F79DB-D83B-4A27-ADF3-A55EDA299132} = {95501A1D-3360-4612-A32E-1D0D757B079E}
		{B3DBA8EF-79E3-4020-8F6A-538F26756C98} = {95501A1D-3360-4612-A32E-1D0D757B079E}
		{909F9798-DD03-4606-B59D-0F1350F9C815} = {95501A1D-3360-4612-A32E-1D0D757B079E}
		{AF8D9A0B-4D1E-4992-9AFA-93A7C8BD347A} = {95501A1D-3360-4612-A32E-1D0D757B079E}
		{85516F25-AAE2-4581-AB23-CEE66B7C4FE3} = {95501A1D-3360-4612-A32E-1D0D757B079E}
		{BB095221-6A30-4842-93E8-B7786BEA083F} = {85516F25-AAE2-4581-AB23-CEE66B7C4FE3}
		{52711E8B-1E70-4085-8995-CF471DCD9AFE} = {85516F25-AAE2-4581-AB23-CEE66B7C4FE3}
		{CFE7A2C4-0110-413F-B2BB-3D38260FF9E3} = {AF8D9A0B-4D1E-4992-9AFA-93A7C8BD347A}
		{104F8963-3D5A-4EF5-9BF3-0D48345F6C22} = {AF8D9A0B-4D1E-4992-9AFA-93A7C8BD347A}
		{85B06DA8-BF42-457F-AABA-468AC1DB1163} = {909F9798-DD03-4606-B59D-0F1350F9C815}
		{7DD4CA0E-806C-4C08-8B7D-D0172936B60F} = {909F9798-DD03-4606-B59D-0F1350F9C815}
		{F020CD65-F576-4346-93E3-FE94B7E6F685} = {BB095221-6A30-4842-93E8-B7786BEA083F}
		{3096DA74-4A67-437B-A1AC-5FC7D385D40E} = {BB095221-6A30-4842-93E8-B7786BEA083F}
		{92A47850-EF4C-4D6A-8967-A9FC64B8CD15} = {B3DBA8EF-79E3-4020-8F6A-538F26756C98}
		{896389E4-2781-4CEA-AE2F-95990834E610} = {B3DBA8EF-79E3-4020-8F6A-538F26756C98}
		{106C7F00-C03F-4E29-87AF-ACD1BA292078} = {0CB2D8DF-8BDE-42CD-B5EB-BA4971294D8D}
		{81CAB7AA-5235-42DB-82E6-2B4A0A1F9987} = {0CB2D8DF-8BDE-42CD-B5EB-BA4971294D8D}
		{04D675A3-B794-44BD-A25C-673BB44739CB} = {CFE7A2C4-0110-413F-B2BB-3D38260FF9E3}
		{09AAF2C8-47DC-4F12-A3A0-130DCDB1495B} = {F020CD65-F576-4346-93E3-FE94B7E6F685}
		{7F17BC81-B7D1-46D8-A94B-FDBAE17F94B7} = {7DD4CA0E-806C-4C08-8B7D-D0172936B60F}
		{35E13CFB-E992-475D-8E53-EA09A539AB43} = {3096DA74-4A67-437B-A1AC-5FC7D385D40E}
		{75E4283A-61D1-4067-9F51-25EFB55113A6} = {85B06DA8-BF42-457F-AABA-468AC1DB1163}
		{F7F15F85-A171-4EDC-B507-03A8D80915A8} = {104F8963-3D5A-4EF5-9BF3-0D48345F6C22}
		{32241C1D-E0D2-41D0-907A-0631943B360C} = {92A47850-EF4C-4D6A-8967-A9FC64B8CD15}
		{62FB7287-FE06-4E8B-AB66-25603D9E2610} = {85B06DA8-BF42-457F-AABA-468AC1DB1163}
		{F224A76A-5C5A-4027-8D81-94A9C728269C} = {B97F79DB-D83B-4A27-ADF3-A55EDA299132}
		{36243124-F0AB-44E0-8CD4-9C7CAA9C0F73} = {F224A76A-5C5A-4027-8D81-94A9C728269C}
		{7199A95A-D458-447A-84D4-A5B161ADFE57} = {896389E4-2781-4CEA-AE2F-95990834E610}
		{0CB2D8DF-8BDE-42CD-B5EB-BA4971294D8D} = {52711E8B-1E70-4085-8995-CF471DCD9AFE}
	EndGlobalSection
	GlobalSection(ExtensibilityGlobals) = postSolution
		SolutionGuid = {B2F130F0-0FC0-4860-A5C8-41A712104196}
	EndGlobalSection
	GlobalSection(TestCaseManagementSettings) = postSolution
		CategoryFile = NLayerApp.vsmdi
	EndGlobalSection
EndGlobal
